<?xml version="1.0" encoding="utf-8"?>
<Project ToolsVersion="4.0" xmlns="http://schemas.microsoft.com/developer/msbuild/2003">
  <ItemGroup>
    <Filter Include="Source Files">
      <UniqueIdentifier>{eecd25b9-7672-45f0-8568-45b99937641a}</UniqueIdentifier>
    </Filter>
    <Filter Include="Generated Files">
      <UniqueIdentifier>{73b6eec0-8afe-4b50-b60a-a76936581256}</UniqueIdentifier>
      <SourceControlFiles>False</SourceControlFiles>
    </Filter>
  </ItemGroup>
  <ItemGroup>
    <None Include="ATLCOMServiceps.def" />
  </ItemGroup>
  <ItemGroup>
    <ClCompile Include="ATLCOMService_i.c">
      <Filter>Generated Files</Filter>
    </ClCompile>
    <ClCompile Include="ATLCOMService_p.c">
      <Filter>Generated Files</Filter>
    </ClCompile>
    <ClCompile Include="dlldata.c">
      <Filter>Generated Files</Filter>
    </ClCompile>
  </ItemGroup>
</Project>